// !$*UTF8*$!
{
	archiveVersion = 1;
	classes = {
	};
	objectVersion = 56;
	objects = {

/* Begin PBXBuildFile section */
		84FA4B2A2BDAA1F400A9FF0C /* AppDelegate.swift in Sources */ = {isa = PBXBuildFile; fileRef = 84FA4B292BDAA1F400A9FF0C /* AppDelegate.swift */; };
		84FA4B2C2BDAA1F400A9FF0C /* SceneDelegate.swift in Sources */ = {isa = PBXBuildFile; fileRef = 84FA4B2B2BDAA1F400A9FF0C /* SceneDelegate.swift */; };
		84FA4B2E2BDAA1F400A9FF0C /* ViewController.swift in Sources */ = {isa = PBXBuildFile; fileRef = 84FA4B2D2BDAA1F400A9FF0C /* ViewController.swift */; };
		84FA4B312BDAA1F400A9FF0C /* Main.storyboard in Resources */ = {isa = PBXBuildFile; fileRef = 84FA4B2F2BDAA1F400A9FF0C /* Main.storyboard */; };
		84FA4B332BDAA1F700A9FF0C /* Assets.xcassets in Resources */ = {isa = PBXBuildFile; fileRef = 84FA4B322BDAA1F700A9FF0C /* Assets.xcassets */; };
		84FA4B362BDAA1F700A9FF0C /* LaunchScreen.storyboard in Resources */ = {isa = PBXBuildFile; fileRef = 84FA4B342BDAA1F700A9FF0C /* LaunchScreen.storyboard */; };
		FC7AF5809A4E1A3DE4F8A604 /* Pods_newProject.framework in Frameworks */ = {isa = PBXBuildFile; fileRef = 9FCC234A2F67391A7DF4FFDE /* Pods_newProject.framework */; };
/* End PBXBuildFile section */

/* Begin PBXFileReference section */
		0287320651D3506E7A9BF731 /* Pods-newProject.debug.xcconfig */ = {isa = PBXFileReference; includeInIndex = 1; lastKnownFileType = text.xcconfig; name = "Pods-newProject.debug.xcconfig"; path = "Target Support Files/Pods-newProject/Pods-newProject.debug.xcconfig"; sourceTree = "<group>"; };
		84FA4B262BDAA1F400A9FF0C /* newProject.app */ = {isa = PBXFileReference; explicitFileType = wrapper.application; includeInIndex = 0; path = newProject.app; sourceTree = BUILT_PRODUCTS_DIR; };
		84FA4B292BDAA1F400A9FF0C /* AppDelegate.swift */ = {isa = PBXFileReference; lastKnownFileType = sourcecode.swift; path = AppDelegate.swift; sourceTree = "<group>"; };
		84FA4B2B2BDAA1F400A9FF0C /* SceneDelegate.swift */ = {isa = PBXFileReference; lastKnownFileType = sourcecode.swift; path = SceneDelegate.swift; sourceTree = "<group>"; };
		84FA4B2D2BDAA1F400A9FF0C /* ViewController.swift */ = {isa = PBXFileReference; lastKnownFileType = sourcecode.swift; path = ViewController.swift; sourceTree = "<group>"; };
		84FA4B302BDAA1F400A9FF0C /* Base */ = {isa = PBXFileReference; lastKnownFileType = file.storyboard; name = Base; path = Base.lproj/Main.storyboard; sourceTree = "<group>"; };
		84FA4B322BDAA1F700A9FF0C /* Assets.xcassets */ = {isa = PBXFileReference; lastKnownFileType = folder.assetcatalog; path = Assets.xcassets; sourceTree = "<group>"; };
		84FA4B352BDAA1F700A9FF0C /* Base */ = {isa = PBXFileReference; lastKnownFileType = file.storyboard; name = Base; path = Base.lproj/LaunchScreen.storyboard; sourceTree = "<group>"; };
		84FA4B372BDAA1F700A9FF0C /* Info.plist */ = {isa = PBXFileReference; lastKnownFileType = text.plist.xml; path = Info.plist; sourceTree = "<group>"; };
		9FCC234A2F67391A7DF4FFDE /* Pods_newProject.framework */ = {isa = PBXFileReference; explicitFileType = wrapper.framework; includeInIndex = 0; path = Pods_newProject.framework; sourceTree = BUILT_PRODUCTS_DIR; };
		BC4EB230E59F83466CA2CA6A /* Pods-newProject.release.xcconfig */ = {isa = PBXFileReference; includeInIndex = 1; lastKnownFileType = text.xcconfig; name = "Pods-newProject.release.xcconfig"; path = "Target Support Files/Pods-newProject/Pods-newProject.release.xcconfig"; sourceTree = "<group>"; };
/* End PBXFileReference section */

/* Begin PBXFrameworksBuildPhase section */
		84FA4B232BDAA1F400A9FF0C /* Frameworks */ = {
			isa = PBXFrameworksBuildPhase;
			buildActionMask = 2147483647;
			files = (
				FC7AF5809A4E1A3DE4F8A604 /* Pods_newProject.framework in Frameworks */,
			);
			runOnlyForDeploymentPostprocessing = 0;
		};
/* End PBXFrameworksBuildPhase section */

/* Begin PBXGroup section */
		84FA4B1D2BDAA1F400A9FF0C = {
			isa = PBXGroup;
			children = (
				84FA4B282BDAA1F400A9FF0C /* newProject */,
				84FA4B272BDAA1F400A9FF0C /* Products */,
				C89E3222C550FE1BA16511B7 /* Pods */,
				E7C3CC86ACF6AFBFA7C952DA /* Frameworks */,
			);
			sourceTree = "<group>";
		};
		84FA4B272BDAA1F400A9FF0C /* Products */ = {
			isa = PBXGroup;
			children = (
				84FA4B262BDAA1F400A9FF0C /* newProject.app */,
			);
			name = Products;
			sourceTree = "<group>";
		};
		84FA4B282BDAA1F400A9FF0C /* newProject */ = {
			isa = PBXGroup;
			children = (
				84FA4B292BDAA1F400A9FF0C /* AppDelegate.swift */,
				84FA4B2B2BDAA1F400A9FF0C /* SceneDelegate.swift */,
				84FA4B2D2BDAA1F400A9FF0C /* ViewController.swift */,
				84FA4B2F2BDAA1F400A9FF0C /* Main.storyboard */,
				84FA4B322BDAA1F700A9FF0C /* Assets.xcassets */,
				84FA4B342BDAA1F700A9FF0C /* LaunchScreen.storyboard */,
				84FA4B372BDAA1F700A9FF0C /* Info.plist */,
			);
			path = newProject;
			sourceTree = "<group>";
		};
		C89E3222C550FE1BA16511B7 /* Pods */ = {
			isa = PBXGroup;
			children = (
				0287320651D3506E7A9BF731 /* Pods-newProject.debug.xcconfig */,
				BC4EB230E59F83466CA2CA6A /* Pods-newProject.release.xcconfig */,
			);
			name = Pods;
			path = Pods;
			sourceTree = "<group>";
		};
		E7C3CC86ACF6AFBFA7C952DA /* Frameworks */ = {
			isa = PBXGroup;
			children = (
				9FCC234A2F67391A7DF4FFDE /* Pods_newProject.framework */,
			);
			name = Frameworks;
			sourceTree = "<group>";
		};
/* End PBXGroup section */

/* Begin PBXNativeTarget section */
		84FA4B252BDAA1F400A9FF0C /* newProject */ = {
			isa = PBXNativeTarget;
			buildConfigurationList = 84FA4B3A2BDAA1F700A9FF0C /* Build configuration list for PBXNativeTarget "newProject" */;
			buildPhases = (
				F97B182FBF80144B9A00A6E2 /* [CP] Check Pods Manifest.lock */,
				84FA4B222BDAA1F400A9FF0C /* Sources */,
				84FA4B232BDAA1F400A9FF0C /* Frameworks */,
				84FA4B242BDAA1F400A9FF0C /* Resources */,
				914D6A0B26651676AFED03BE /* [CP] Embed Pods Frameworks */,
			);
			buildRules = (
			);
			dependencies = (
			);
			name = newProject;
			productName = newProject;
			productReference = 84FA4B262BDAA1F400A9FF0C /* newProject.app */;
			productType = "com.apple.product-type.application";
		};
/* End PBXNativeTarget section */

/* Begin PBXProject section */
		84FA4B1E2BDAA1F400A9FF0C /* Project object */ = {
			isa = PBXProject;
			attributes = {
				BuildIndependentTargetsInParallel = 1;
				LastSwiftUpdateCheck = 1420;
				LastUpgradeCheck = 1420;
				TargetAttributes = {
					84FA4B252BDAA1F400A9FF0C = {
						CreatedOnToolsVersion = 14.2;
					};
				};
			};
			buildConfigurationList = 84FA4B212BDAA1F400A9FF0C /* Build configuration list for PBXProject "newProject" */;
			compatibilityVersion = "Xcode 14.0";
			developmentRegion = en;
			hasScannedForEncodings = 0;
			knownRegions = (
				en,
				Base,
			);
			mainGroup = 84FA4B1D2BDAA1F400A9FF0C;
			productRefGroup = 84FA4B272BDAA1F400A9FF0C /* Products */;
			projectDirPath = "";
			projectRoot = "";
			targets = (
				84FA4B252BDAA1F400A9FF0C /* newProject */,
			);
		};
/* End PBXProject section */

/* Begin PBXResourcesBuildPhase section */
		84FA4B242BDAA1F400A9FF0C /* Resources */ = {
			isa = PBXResourcesBuildPhase;
			buildActionMask = 2147483647;
			files = (
				84FA4B362BDAA1F700A9FF0C /* LaunchScreen.storyboard in Resources */,
				84FA4B332BDAA1F700A9FF0C /* Assets.xcassets in Resources */,
				84FA4B312BDAA1F400A9FF0C /* Main.storyboard in Resources */,
			);
			runOnlyForDeploymentPostprocessing = 0;
		};
/* End PBXResourcesBuildPhase section */

/* Begin PBXShellScriptBuildPhase section */
		914D6A0B26651676AFED03BE /* [CP] Embed Pods Frameworks */ = {
			isa = PBXShellScriptBuildPhase;
			buildActionMask = 2147483647;
			files = (
			);
			inputFileListPaths = (
				"${PODS_ROOT}/Target Support Files/Pods-newProject/Pods-newProject-frameworks-${CONFIGURATION}-input-files.xcfilelist",
			);
			name = "[CP] Embed Pods Frameworks";
			outputFileListPaths = (
				"${PODS_ROOT}/Target Support Files/Pods-newProject/Pods-newProject-frameworks-${CONFIGURATION}-output-files.xcfilelist",
			);
			runOnlyForDeploymentPostprocessing = 0;
			shellPath = /bin/sh;
			shellScript = "\"${PODS_ROOT}/Target Support Files/Pods-newProject/Pods-newProject-frameworks.sh\"\n";
			showEnvVarsInLog = 0;
		};
		F97B182FBF80144B9A00A6E2 /* [CP] Check Pods Manifest.lock */ = {
			isa = PBXShellScriptBuildPhase;
			buildActionMask = 2147483647;
			files = (
			);
			inputFileListPaths = (
			);
			inputPaths = (
				"${PODS_PODFILE_DIR_PATH}/Podfile.lock",
				"${PODS_ROOT}/Manifest.lock",
			);
			name = "[CP] Check Pods Manifest.lock";
			outputFileListPaths = (
			);
			outputPaths = (
				"$(DERIVED_FILE_DIR)/Pods-newProject-checkManifestLockResult.txt",
			);
			runOnlyForDeploymentPostprocessing = 0;
			shellPath = /bin/sh;
			shellScript = "diff \"${PODS_PODFILE_DIR_PATH}/Podfile.lock\" \"${PODS_ROOT}/Manifest.lock\" > /dev/null\nif [ $? != 0 ] ; then\n    # print error to STDERR\n    echo \"error: The sandbox is not in sync with the Podfile.lock. Run 'pod install' or update your CocoaPods installation.\" >&2\n    exit 1\nfi\n# This output is used by Xcode 'outputs' to avoid re-running this script phase.\necho \"SUCCESS\" > \"${SCRIPT_OUTPUT_FILE_0}\"\n";
			showEnvVarsInLog = 0;
		};
/* End PBXShellScriptBuildPhase section */

/* Begin PBXSourcesBuildPhase section */
		84FA4B222BDAA1F400A9FF0C /* Sources */ = {
			isa = PBXSourcesBuildPhase;
			buildActionMask = 2147483647;
			files = (
				84FA4B2E2BDAA1F400A9FF0C /* ViewController.swift in Sources */,
				84FA4B2A2BDAA1F400A9FF0C /* AppDelegate.swift in Sources */,
				84FA4B2C2BDAA1F400A9FF0C /* SceneDelegate.swift in Sources */,
			);
			runOnlyForDeploymentPostprocessing = 0;
		};
/* End PBXSourcesBuildPhase section */

/* Begin PBXVariantGroup section */
		84FA4B2F2BDAA1F400A9FF0C /* Main.storyboard */ = {
			isa = PBXVariantGroup;
			children = (
				84FA4B302BDAA1F400A9FF0C /* Base */,
			);
			name = Main.storyboard;
			sourceTree = "<group>";
		};
		84FA4B342BDAA1F700A9FF0C /* LaunchScreen.storyboard */ = {
			isa = PBXVariantGroup;
			children = (
				84FA4B352BDAA1F700A9FF0C /* Base */,
			);
			name = LaunchScreen.storyboard;
			sourceTree = "<group>";
		};
/* End PBXVariantGroup section */

/* Begin XCBuildConfiguration section */
		84FA4B382BDAA1F700A9FF0C /* Debug */ = {
			isa = XCBuildConfiguration;
			buildSettings = {
				ALWAYS_SEARCH_USER_PATHS = NO;
				CLANG_ANALYZER_NONNULL = YES;
				CLANG_ANALYZER_NUMBER_OBJECT_CONVERSION = YES_AGGRESSIVE;
				CLANG_CXX_LANGUAGE_STANDARD = "gnu++20";
				CLANG_ENABLE_MODULES = YES;
				CLANG_ENABLE_OBJC_ARC = YES;
				CLANG_ENABLE_OBJC_WEAK = YES;
				CLANG_WARN_BLOCK_CAPTURE_AUTORELEASING = YES;
				CLANG_WARN_BOOL_CONVERSION = YES;
				CLANG_WARN_COMMA = YES;
				CLANG_WARN_CONSTANT_CONVERSION = YES;
				CLANG_WARN_DEPRECATED_OBJC_IMPLEMENTATIONS = YES;
				CLANG_WARN_DIRECT_OBJC_ISA_USAGE = YES_ERROR;
				CLANG_WARN_DOCUMENTATION_COMMENTS = YES;
				CLANG_WARN_EMPTY_BODY = YES;
				CLANG_WARN_ENUM_CONVERSION = YES;
				CLANG_WARN_INFINITE_RECURSION = YES;
				CLANG_WARN_INT_CONVERSION = YES;
				CLANG_WARN_NON_LITERAL_NULL_CONVERSION = YES;
				CLANG_WARN_OBJC_IMPLICIT_RETAIN_SELF = YES;
				CLANG_WARN_OBJC_LITERAL_CONVERSION = YES;
				CLANG_WARN_OBJC_ROOT_CLASS = YES_ERROR;
				CLANG_WARN_QUOTED_INCLUDE_IN_FRAMEWORK_HEADER = YES;
				CLANG_WARN_RANGE_LOOP_ANALYSIS = YES;
				CLANG_WARN_STRICT_PROTOTYPES = YES;
				CLANG_WARN_SUSPICIOUS_MOVE = YES;
				CLANG_WARN_UNGUARDED_AVAILABILITY = YES_AGGRESSIVE;
				CLANG_WARN_UNREACHABLE_CODE = YES;
				CLANG_WARN__DUPLICATE_METHOD_MATCH = YES;
				COPY_PHASE_STRIP = NO;
				DEBUG_INFORMATION_FORMAT = dwarf;
				ENABLE_STRICT_OBJC_MSGSEND = YES;
				ENABLE_TESTABILITY = YES;
				GCC_C_LANGUAGE_STANDARD = gnu11;
				GCC_DYNAMIC_NO_PIC = NO;
				GCC_NO_COMMON_BLOCKS = YES;
				GCC_OPTIMIZATION_LEVEL = 0;
				GCC_PREPROCESSOR_DEFINITIONS = (
					"DEBUG=1",
					"$(inherited)",
				);
				GCC_WARN_64_TO_32_BIT_CONVERSION = YES;
				GCC_WARN_ABOUT_RETURN_TYPE = YES_ERROR;
				GCC_WARN_UNDECLARED_SELECTOR = YES;
				GCC_WARN_UNINITIALIZED_AUTOS = YES_AGGRESSIVE;
				GCC_WARN_UNUSED_FUNCTION = YES;
				GCC_WARN_UNUSED_VARIABLE = YES;
				IPHONEOS_DEPLOYMENT_TARGET = 16.2;
				MTL_ENABLE_DEBUG_INFO = INCLUDE_SOURCE;
				MTL_FAST_MATH = YES;
				ONLY_ACTIVE_ARCH = YES;
				SDKROOT = iphoneos;
				SWIFT_ACTIVE_COMPILATION_CONDITIONS = DEBUG;
				SWIFT_OPTIMIZATION_LEVEL = "-Onone";
			};
			name = Debug;
		};
		84FA4B392BDAA1F700A9FF0C /* Release */ = {
			isa = XCBuildConfiguration;
			buildSettings = {
				ALWAYS_SEARCH_USER_PATHS = NO;
				CLANG_ANALYZER_NONNULL = YES;
				CLANG_ANALYZER_NUMBER_OBJECT_CONVERSION = YES_AGGRESSIVE;
				CLANG_CXX_LANGUAGE_STANDARD = "gnu++20";
				CLANG_ENABLE_MODULES = YES;
				CLANG_ENABLE_OBJC_ARC = YES;
				CLANG_ENABLE_OBJC_WEAK = YES;
				CLANG_WARN_BLOCK_CAPTURE_AUTORELEASING = YES;
				CLANG_WARN_BOOL_CONVERSION = YES;
				CLANG_WARN_COMMA = YES;
				CLANG_WARN_CONSTANT_CONVERSION = YES;
				CLANG_WARN_DEPRECATED_OBJC_IMPLEMENTATIONS = YES;
				CLANG_WARN_DIRECT_OBJC_ISA_USAGE = YES_ERROR;
				CLANG_WARN_DOCUMENTATION_COMMENTS = YES;
				CLANG_WARN_EMPTY_BODY = YES;
				CLANG_WARN_ENUM_CONVERSION = YES;
				CLANG_WARN_INFINITE_RECURSION = YES;
				CLANG_WARN_INT_CONVERSION = YES;
				CLANG_WARN_NON_LITERAL_NULL_CONVERSION = YES;
				CLANG_WARN_OBJC_IMPLICIT_RETAIN_SELF = YES;
				CLANG_WARN_OBJC_LITERAL_CONVERSION = YES;
				CLANG_WARN_OBJC_ROOT_CLASS = YES_ERROR;
				CLANG_WARN_QUOTED_INCLUDE_IN_FRAMEWORK_HEADER = YES;
				CLANG_WARN_RANGE_LOOP_ANALYSIS = YES;
				CLANG_WARN_STRICT_PROTOTYPES = YES;
				CLANG_WARN_SUSPICIOUS_MOVE = YES;
				CLANG_WARN_UNGUARDED_AVAILABILITY = YES_AGGRESSIVE;
				CLANG_WARN_UNREACHABLE_CODE = YES;
				CLANG_WARN__DUPLICATE_METHOD_MATCH = YES;
				COPY_PHASE_STRIP = NO;
				DEBUG_INFORMATION_FORMAT = "dwarf-with-dsym";
				ENABLE_NS_ASSERTIONS = NO;
				ENABLE_STRICT_OBJC_MSGSEND = YES;
				GCC_C_LANGUAGE_STANDARD = gnu11;
				GCC_NO_COMMON_BLOCKS = YES;
				GCC_WARN_64_TO_32_BIT_CONVERSION = YES;
				GCC_WARN_ABOUT_RETURN_TYPE = YES_ERROR;
				GCC_WARN_UNDECLARED_SELECTOR = YES;
				GCC_WARN_UNINITIALIZED_AUTOS = YES_AGGRESSIVE;
				GCC_WARN_UNUSED_FUNCTION = YES;
				GCC_WARN_UNUSED_VARIABLE = YES;
				IPHONEOS_DEPLOYMENT_TARGET = 16.2;
				MTL_ENABLE_DEBUG_INFO = NO;
				MTL_FAST_MATH = YES;
				SDKROOT = iphoneos;
				SWIFT_COMPILATION_MODE = wholemodule;
				SWIFT_OPTIMIZATION_LEVEL = "-O";
				VALIDATE_PRODUCT = YES;
			};
			name = Release;
		};
		84FA4B3B2BDAA1F700A9FF0C /* Debug */ = {
			isa = XCBuildConfiguration;
			baseConfigurationReference = 0287320651D3506E7A9BF731 /* Pods-newProject.debug.xcconfig */;
			buildSettings = {
				ASSETCATALOG_COMPILER_APPICON_NAME = AppIcon;
				ASSETCATALOG_COMPILER_GLOBAL_ACCENT_COLOR_NAME = AccentColor;
				CODE_SIGN_STYLE = Automatic;
				CURRENT_PROJECT_VERSION = 1;
				GENERATE_INFOPLIST_FILE = YES;
				INFOPLIST_FILE = newProject/Info.plist;
				INFOPLIST_KEY_UIApplicationSupportsIndirectInputEvents = YES;
				INFOPLIST_KEY_UILaunchStoryboardName = LaunchScreen;
				INFOPLIST_KEY_UIMainStoryboardFile = Main;
				INFOPLIST_KEY_UISupportedInterfaceOrientations_iPad = "UIInterfaceOrientationPortrait UIInterfaceOrientationPortraitUpsideDown UIInterfaceOrientationLandscapeLeft UIInterfaceOrientationLandscapeRight";
				INFOPLIST_KEY_UISupportedInterfaceOrientations_iPhone = "UIInterfaceOrientationPortrait UIInterfaceOrientationLandscapeLeft UIInterfaceOrientationLandscapeRight";
				LD_RUNPATH_SEARCH_PATHS = (
					"$(inherited)",
					"@executable_path/Frameworks",
				);
				MARKETING_VERSION = 1.0;
				PRODUCT_BUNDLE_IDENTIFIER = shodon.newProject;
				PRODUCT_NAME = "$(TARGET_NAME)";
				SWIFT_EMIT_LOC_STRINGS = YES;
				SWIFT_VERSION = 5.0;
				TARGETED_DEVICE_FAMILY = "1,2";
			};
			name = Debug;
		};
		84FA4B3C2BDAA1F700A9FF0C /* Release */ = {
			isa = XCBuildConfiguration;
			baseConfigurationReference = BC4EB230E59F83466CA2CA6A /* Pods-newProject.release.xcconfig */;
			buildSettings = {
				ASSETCATALOG_COMPILER_APPICON_NAME = AppIcon;
				ASSETCATALOG_COMPILER_GLOBAL_ACCENT_COLOR_NAME = AccentColor;
				CODE_SIGN_STYLE = Automatic;
				CURRENT_PROJECT_VERSION = 1;
				GENERATE_INFOPLIST_FILE = YES;
				INFOPLIST_FILE = newProject/Info.plist;
				INFOPLIST_KEY_UIApplicationSupportsIndirectInputEvents = YES;
				INFOPLIST_KEY_UILaunchStoryboardName = LaunchScreen;
				INFOPLIST_KEY_UIMainStoryboardFile = Main;
				INFOPLIST_KEY_UISupportedInterfaceOrientations_iPad = "UIInterfaceOrientationPortrait UIInterfaceOrientationPortraitUpsideDown UIInterfaceOrientationLandscapeLeft UIInterfaceOrientationLandscapeRight";
				INFOPLIST_KEY_UISupportedInterfaceOrientations_iPhone = "UIInterfaceOrientationPortrait UIInterfaceOrientationLandscapeLeft UIInterfaceOrientationLandscapeRight";
				LD_RUNPATH_SEARCH_PATHS = (
					"$(inherited)",
					"@executable_path/Frameworks",
				);
				MARKETING_VERSION = 1.0;
				PRODUCT_BUNDLE_IDENTIFIER = shodon.newProject;
				PRODUCT_NAME = "$(TARGET_NAME)";
				SWIFT_EMIT_LOC_STRINGS = YES;
				SWIFT_VERSION = 5.0;
				TARGETED_DEVICE_FAMILY = "1,2";
			};
			name = Release;
		};
/* End XCBuildConfiguration section */

/* Begin XCConfigurationList section */
		84FA4B212BDAA1F400A9FF0C /* Build configuration list for PBXProject "newProject" */ = {
			isa = XCConfigurationList;
			buildConfigurations = (
				84FA4B382BDAA1F700A9FF0C /* Debug */,
				84FA4B392BDAA1F700A9FF0C /* Release */,
			);
			defaultConfigurationIsVisible = 0;
			defaultConfigurationName = Release;
		};
		84FA4B3A2BDAA1F700A9FF0C /* Build configuration list for PBXNativeTarget "newProject" */ = {
			isa = XCConfigurationList;
			buildConfigurations = (
				84FA4B3B2BDAA1F700A9FF0C /* Debug */,
				84FA4B3C2BDAA1F700A9FF0C /* Release */,
			);
			defaultConfigurationIsVisible = 0;
			defaultConfigurationName = Release;
		};
/* End XCConfigurationList section */
	};
	rootObject = 84FA4B1E2BDAA1F400A9FF0C /* Project object */;
}
